
Microsoft Visual Studio Solution File, Format Version 12.00
# Visual Studio Version 17
VisualStudioVersion = 17.13.35913.81 d17.13
MinimumVisualStudioVersion = 10.0.40219.1
Project("{FAE04EC0-301F-11D3-BF4B-00C04F79EFBC}") = "Bai5", "Bai5.csproj", "{F5944E94-55F6-44D8-A875-4EB4302F3FA0}"
EndProject
Global
	GlobalSection(SolutionConfigurationPlatforms) = preSolution
		Debug|Any CPU = Debug|Any CPU
		Release|Any CPU = Release|Any CPU
	EndGlobalSection
	GlobalSection(ProjectConfigurationPlatforms) = postSolution
		{F5944E94-55F6-44D8-A875-4EB4302F3FA0}.Debug|Any CPU.ActiveCfg = Debug|Any CPU
		{F5944E94-55F6-44D8-A875-4EB4302F3FA0}.Debug|Any CPU.Build.0 = Debug|Any CPU
		{F5944E94-55F6-44D8-A875-4EB4302F3FA0}.Release|Any CPU.ActiveCfg = Release|Any CPU
		{F5944E94-55F6-44D8-A875-4EB4302F3FA0}.Release|Any CPU.Build.0 = Release|Any CPU
	EndGlobalSection
	GlobalSection(SolutionProperties) = preSolution
		HideSolutionNode = FALSE
	EndGlobalSection
	GlobalSection(ExtensibilityGlobals) = postSolution
		SolutionGuid = {4D6617EB-B1CC-4B17-AE69-F8F344FF38AD}
	EndGlobalSection
EndGlobal
