
Microsoft Visual Studio Solution File, Format Version 12.00
# Visual Studio Version 17
VisualStudioVersion = 17.13.35913.81 d17.13
MinimumVisualStudioVersion = 10.0.40219.1
Project("{FAE04EC0-301F-11D3-BF4B-00C04F79EFBC}") = "Bai11", "Bai11.csproj", "{AB157FA1-3E8A-4666-9EBF-0E6DDB48C76A}"
EndProject
Global
	GlobalSection(SolutionConfigurationPlatforms) = preSolution
		Debug|Any CPU = Debug|Any CPU
		Release|Any CPU = Release|Any CPU
	EndGlobalSection
	GlobalSection(ProjectConfigurationPlatforms) = postSolution
		{AB157FA1-3E8A-4666-9EBF-0E6DDB48C76A}.Debug|Any CPU.ActiveCfg = Debug|Any CPU
		{AB157FA1-3E8A-4666-9EBF-0E6DDB48C76A}.Debug|Any CPU.Build.0 = Debug|Any CPU
		{AB157FA1-3E8A-4666-9EBF-0E6DDB48C76A}.Release|Any CPU.ActiveCfg = Release|Any CPU
		{AB157FA1-3E8A-4666-9EBF-0E6DDB48C76A}.Release|Any CPU.Build.0 = Release|Any CPU
	EndGlobalSection
	GlobalSection(SolutionProperties) = preSolution
		HideSolutionNode = FALSE
	EndGlobalSection
	GlobalSection(ExtensibilityGlobals) = postSolution
		SolutionGuid = {E25907D3-9C5A-4119-908C-FAF1C1C1C4D4}
	EndGlobalSection
EndGlobal
